{
  "name": "Clickhouse",
  "version": "1.0.0",
  "lockfileVersion": 3,
  "requires": true,
  "packages": {
    "": {
      "name": "Clickhouse",
      "version": "1.0.0",
      "dependencies": {
        "@clickhouse/client": "^0.0.16",
        "antlr4": "^4.8.0",
        "async": "^3.2.4",
        "cassandra-driver": "^4.3.1",
        "fast-xml-parser": "^3.19.0",
        "jks-js": "^1.0.0",
        "tunnel-ssh": "github:hackolade/tunnel-ssh"
      }
    },
    "node_modules/@clickhouse/client": {
      "version": "0.0.16",
      "resolved": "https://registry.npmjs.org/@clickhouse/client/-/client-0.0.16.tgz",
      "integrity": "sha512-X2K3nXHpicXmvnNpD1mKbtsbnofVcJt3Zd+mk+JS7PR5eCiBZaoa9mZRF2ZXrHXfrkGZGc1DnCd3FKfVWZlLpg==",
      "dependencies": {
        "node-abort-controller": "^3.0.1",
        "uuid": "^9.0.0"
      },
      "engines": {
        "node": ">=16"
      }
    },
    "node_modules/@types/long": {
      "version": "4.0.0",
      "license": "MIT"
    },
    "node_modules/@types/node": {
      "version": "13.1.2",
      "license": "MIT"
    },
    "node_modules/adm-zip": {
      "version": "0.4.13",
      "license": "MIT",
      "engines": {
        "node": ">=0.3.0"
      }
    },
    "node_modules/antlr4": {
      "version": "4.8.0",
      "license": "BSD-3-Clause"
    },
    "node_modules/asn1": {
      "version": "0.2.4",
      "license": "MIT",
      "dependencies": {
        "safer-buffer": "~2.1.0"
      }
    },
    "node_modules/async": {
      "version": "3.2.4",
      "resolved": "https://registry.npmjs.org/async/-/async-3.2.4.tgz",
      "integrity": "sha512-iAB+JbDEGXhyIUavoDl9WP/Jj106Kz9DEn1DPgYw5ruDn0e3Wgi3sKFm55sASdGBNOQB8F59d9qQ7deqrHA8wQ=="
    },
    "node_modules/bcrypt-pbkdf": {
      "version": "1.0.2",
      "license": "BSD-3-Clause",
      "dependencies": {
        "tweetnacl": "^0.14.3"
      }
    },
    "node_modules/cassandra-driver": {
      "version": "4.3.1",
      "license": "Apache-2.0",
      "dependencies": {
        "@types/long": "^4.0.0",
        "@types/node": ">=4",
        "adm-zip": "^0.4.13",
        "long": "^2.2.0"
      },
      "engines": {
        "node": ">=4"
      }
    },
    "node_modules/debug": {
      "version": "2.6.9",
      "license": "MIT",
      "dependencies": {
        "ms": "2.0.0"
      }
    },
    "node_modules/fast-xml-parser": {
      "version": "3.19.0",
      "license": "MIT",
      "bin": {
        "xml2js": "cli.js"
      },
      "funding": {
        "type": "paypal",
        "url": "https://paypal.me/naturalintelligence"
      }
    },
    "node_modules/jks-js": {
      "version": "1.0.0",
      "license": "MIT",
      "dependencies": {
        "node-forge": "^0.10.0",
        "node-int64": "^0.4.0",
        "node-rsa": "^1.0.7"
      }
    },
    "node_modules/lodash.defaults": {
      "version": "4.2.0",
      "license": "MIT"
    },
    "node_modules/long": {
      "version": "2.4.0",
      "license": "Apache-2.0",
      "engines": {
        "node": ">=0.6"
      }
    },
    "node_modules/ms": {
      "version": "2.0.0",
      "license": "MIT"
    },
    "node_modules/node-abort-controller": {
      "version": "3.1.1",
      "resolved": "https://registry.npmjs.org/node-abort-controller/-/node-abort-controller-3.1.1.tgz",
      "integrity": "sha512-AGK2yQKIjRuqnc6VkX2Xj5d+QW8xZ87pa1UK6yA6ouUyuxfHuMP6umE5QK7UmTeOAymo+Zx1Fxiuw9rVx8taHQ=="
    },
    "node_modules/node-forge": {
      "version": "0.10.0",
      "license": "(BSD-3-Clause OR GPL-2.0)",
      "engines": {
        "node": ">= 6.0.0"
      }
    },
    "node_modules/node-int64": {
      "version": "0.4.0",
      "license": "MIT"
    },
    "node_modules/node-rsa": {
      "version": "1.1.1",
      "license": "MIT",
      "dependencies": {
        "asn1": "^0.2.4"
      }
    },
    "node_modules/safer-buffer": {
      "version": "2.1.2",
      "license": "MIT"
    },
    "node_modules/ssh2": {
      "version": "1.4.0",
      "hasInstallScript": true,
      "dependencies": {
        "asn1": "^0.2.4",
        "bcrypt-pbkdf": "^1.0.2"
      },
      "engines": {
        "node": ">=10.16.0"
      },
      "optionalDependencies": {
        "cpu-features": "0.0.2",
        "nan": "^2.15.0"
      }
    },
    "node_modules/tunnel-ssh": {
      "version": "4.1.5",
      "resolved": "git+ssh://git@github.com/hackolade/tunnel-ssh.git#e3dec106b0a3347f015f1fca4755ec0eaf880e21",
      "license": "MIT",
      "dependencies": {
        "debug": "2.6.9",
        "lodash.defaults": "^4.1.0",
        "ssh2": "1.4.0"
      }
    },
    "node_modules/tweetnacl": {
      "version": "0.14.5",
      "license": "Unlicense"
    },
    "node_modules/uuid": {
      "version": "9.0.0",
      "resolved": "https://registry.npmjs.org/uuid/-/uuid-9.0.0.tgz",
      "integrity": "sha512-MXcSTerfPa4uqyzStbRoTgt5XIe3x5+42+q1sDuy3R5MDk66URdLMOZe5aPX/SQd+kuYAh0FdP/pO28IkQyTeg==",
      "bin": {
        "uuid": "dist/bin/uuid"
      }
    }
  }
}
